// !$*UTF8*$!
{
	archiveVersion = 1;
	classes = {
	};
	objectVersion = 50;
	objects = {

/* Begin PBXBuildFile section */
		65A9B35E2418F960009E12E7 /* AppDelegate.swift in Sources */ = {isa = PBXBuildFile; fileRef = 65A9B35D2418F960009E12E7 /* AppDelegate.swift */; };
		65A9B3602418F960009E12E7 /* SceneDelegate.swift in Sources */ = {isa = PBXBuildFile; fileRef = 65A9B35F2418F960009E12E7 /* SceneDelegate.swift */; };
		65A9B3622418F960009E12E7 /* ContentView.swift in Sources */ = {isa = PBXBuildFile; fileRef = 65A9B3612418F960009E12E7 /* ContentView.swift */; };
		65A9B3642418F962009E12E7 /* Assets.xcassets in Resources */ = {isa = PBXBuildFile; fileRef = 65A9B3632418F962009E12E7 /* Assets.xcassets */; };
		65A9B3672418F962009E12E7 /* Preview Assets.xcassets in Resources */ = {isa = PBXBuildFile; fileRef = 65A9B3662418F962009E12E7 /* Preview Assets.xcassets */; };
		65A9B36A2418F962009E12E7 /* LaunchScreen.storyboard in Resources */ = {isa = PBXBuildFile; fileRef = 65A9B3682418F962009E12E7 /* LaunchScreen.storyboard */; };
		65A9B3752418F962009E12E7 /* share_wifiTests.swift in Sources */ = {isa = PBXBuildFile; fileRef = 65A9B3742418F962009E12E7 /* share_wifiTests.swift */; };
/* End PBXBuildFile section */

/* Begin PBXContainerItemProxy section */
		65A9B3712418F962009E12E7 /* PBXContainerItemProxy */ = {
			isa = PBXContainerItemProxy;
			containerPortal = 65A9B3522418F960009E12E7 /* Project object */;
			proxyType = 1;
			remoteGlobalIDString = 65A9B3592418F960009E12E7;
			remoteInfo = share_wifi;
		};
/* End PBXContainerItemProxy section */

/* Begin PBXFileReference section */
		65A9B35A2418F960009E12E7 /* share_wifi.app */ = {isa = PBXFileReference; explicitFileType = wrapper.application; includeInIndex = 0; path = share_wifi.app; sourceTree = BUILT_PRODUCTS_DIR; };
		65A9B35D2418F960009E12E7 /* AppDelegate.swift */ = {isa = PBXFileReference; lastKnownFileType = sourcecode.swift; path = AppDelegate.swift; sourceTree = "<group>"; };
		65A9B35F2418F960009E12E7 /* SceneDelegate.swift */ = {isa = PBXFileReference; lastKnownFileType = sourcecode.swift; path = SceneDelegate.swift; sourceTree = "<group>"; };
		65A9B3612418F960009E12E7 /* ContentView.swift */ = {isa = PBXFileReference; lastKnownFileType = sourcecode.swift; path = ContentView.swift; sourceTree = "<group>"; };
		65A9B3632418F962009E12E7 /* Assets.xcassets */ = {isa = PBXFileReference; lastKnownFileType = folder.assetcatalog; path = Assets.xcassets; sourceTree = "<group>"; };
		65A9B3662418F962009E12E7 /* Preview Assets.xcassets */ = {isa = PBXFileReference; lastKnownFileType = folder.assetcatalog; path = "Preview Assets.xcassets"; sourceTree = "<group>"; };
		65A9B3692418F962009E12E7 /* Base */ = {isa = PBXFileReference; lastKnownFileType = file.storyboard; name = Base; path = Base.lproj/LaunchScreen.storyboard; sourceTree = "<group>"; };
		65A9B36B2418F962009E12E7 /* Info.plist */ = {isa = PBXFileReference; lastKnownFileType = text.plist.xml; path = Info.plist; sourceTree = "<group>"; };
		65A9B3702418F962009E12E7 /* share_wifiTests.xctest */ = {isa = PBXFileReference; explicitFileType = wrapper.cfbundle; includeInIndex = 0; path = share_wifiTests.xctest; sourceTree = BUILT_PRODUCTS_DIR; };
		65A9B3742418F962009E12E7 /* share_wifiTests.swift */ = {isa = PBXFileReference; lastKnownFileType = sourcecode.swift; path = share_wifiTests.swift; sourceTree = "<group>"; };
		65A9B3762418F962009E12E7 /* Info.plist */ = {isa = PBXFileReference; lastKnownFileType = text.plist.xml; path = Info.plist; sourceTree = "<group>"; };
/* End PBXFileReference section */

/* Begin PBXFrameworksBuildPhase section */
		65A9B3572418F960009E12E7 /* Frameworks */ = {
			isa = PBXFrameworksBuildPhase;
			buildActionMask = 2147483647;
			files = (
			);
			runOnlyForDeploymentPostprocessing = 0;
		};
		65A9B36D2418F962009E12E7 /* Frameworks */ = {
			isa = PBXFrameworksBuildPhase;
			buildActionMask = 2147483647;
			files = (
			);
			runOnlyForDeploymentPostprocessing = 0;
		};
/* End PBXFrameworksBuildPhase section */

/* Begin PBXGroup section */
		65A9B3512418F960009E12E7 = {
			isa = PBXGroup;
			children = (
				65A9B35C2418F960009E12E7 /* share_wifi */,
				65A9B3732418F962009E12E7 /* share_wifiTests */,
				65A9B35B2418F960009E12E7 /* Products */,
			);
			sourceTree = "<group>";
		};
		65A9B35B2418F960009E12E7 /* Products */ = {
			isa = PBXGroup;
			children = (
				65A9B35A2418F960009E12E7 /* share_wifi.app */,
				65A9B3702418F962009E12E7 /* share_wifiTests.xctest */,
			);
			name = Products;
			sourceTree = "<group>";
		};
		65A9B35C2418F960009E12E7 /* share_wifi */ = {
			isa = PBXGroup;
			children = (
				65A9B35D2418F960009E12E7 /* AppDelegate.swift */,
				65A9B35F2418F960009E12E7 /* SceneDelegate.swift */,
				65A9B3612418F960009E12E7 /* ContentView.swift */,
				65A9B3632418F962009E12E7 /* Assets.xcassets */,
				65A9B3682418F962009E12E7 /* LaunchScreen.storyboard */,
				65A9B36B2418F962009E12E7 /* Info.plist */,
				65A9B3652418F962009E12E7 /* Preview Content */,
			);
			path = share_wifi;
			sourceTree = "<group>";
		};
		65A9B3652418F962009E12E7 /* Preview Content */ = {
			isa = PBXGroup;
			children = (
				65A9B3662418F962009E12E7 /* Preview Assets.xcassets */,
			);
			path = "Preview Content";
			sourceTree = "<group>";
		};
		65A9B3732418F962009E12E7 /* share_wifiTests */ = {
			isa = PBXGroup;
			children = (
				65A9B3742418F962009E12E7 /* share_wifiTests.swift */,
				65A9B3762418F962009E12E7 /* Info.plist */,
			);
			path = share_wifiTests;
			sourceTree = "<group>";
		};
/* End PBXGroup section */

/* Begin PBXNativeTarget section */
		65A9B3592418F960009E12E7 /* share_wifi */ = {
			isa = PBXNativeTarget;
			buildConfigurationList = 65A9B3792418F962009E12E7 /* Build configuration list for PBXNativeTarget "share_wifi" */;
			buildPhases = (
				65A9B3562418F960009E12E7 /* Sources */,
				65A9B3572418F960009E12E7 /* Frameworks */,
				65A9B3582418F960009E12E7 /* Resources */,
			);
			buildRules = (
			);
			dependencies = (
			);
			name = share_wifi;
			productName = share_wifi;
			productReference = 65A9B35A2418F960009E12E7 /* share_wifi.app */;
			productType = "com.apple.product-type.application";
		};
		65A9B36F2418F962009E12E7 /* share_wifiTests */ = {
			isa = PBXNativeTarget;
			buildConfigurationList = 65A9B37C2418F962009E12E7 /* Build configuration list for PBXNativeTarget "share_wifiTests" */;
			buildPhases = (
				65A9B36C2418F962009E12E7 /* Sources */,
				65A9B36D2418F962009E12E7 /* Frameworks */,
				65A9B36E2418F962009E12E7 /* Resources */,
			);
			buildRules = (
			);
			dependencies = (
				65A9B3722418F962009E12E7 /* PBXTargetDependency */,
			);
			name = share_wifiTests;
			productName = share_wifiTests;
			productReference = 65A9B3702418F962009E12E7 /* share_wifiTests.xctest */;
			productType = "com.apple.product-type.bundle.unit-test";
		};
/* End PBXNativeTarget section */

/* Begin PBXProject section */
		65A9B3522418F960009E12E7 /* Project object */ = {
			isa = PBXProject;
			attributes = {
				LastSwiftUpdateCheck = 1130;
				LastUpgradeCheck = 1130;
				ORGANIZATIONNAME = "Axel Schwarz";
				TargetAttributes = {
					65A9B3592418F960009E12E7 = {
						CreatedOnToolsVersion = 11.3.1;
					};
					65A9B36F2418F962009E12E7 = {
						CreatedOnToolsVersion = 11.3.1;
						TestTargetID = 65A9B3592418F960009E12E7;
					};
				};
			};
			buildConfigurationList = 65A9B3552418F960009E12E7 /* Build configuration list for PBXProject "share_wifi" */;
			compatibilityVersion = "Xcode 9.3";
			developmentRegion = en;
			hasScannedForEncodings = 0;
			knownRegions = (
				en,
				Base,
			);
			mainGroup = 65A9B3512418F960009E12E7;
			productRefGroup = 65A9B35B2418F960009E12E7 /* Products */;
			projectDirPath = "";
			projectRoot = "";
			targets = (
				65A9B3592418F960009E12E7 /* share_wifi */,
				65A9B36F2418F962009E12E7 /* share_wifiTests */,
			);
		};
/* End PBXProject section */

/* Begin PBXResourcesBuildPhase section */
		65A9B3582418F960009E12E7 /* Resources */ = {
			isa = PBXResourcesBuildPhase;
			buildActionMask = 2147483647;
			files = (
				65A9B36A2418F962009E12E7 /* LaunchScreen.storyboard in Resources */,
				65A9B3672418F962009E12E7 /* Preview Assets.xcassets in Resources */,
				65A9B3642418F962009E12E7 /* Assets.xcassets in Resources */,
			);
			runOnlyForDeploymentPostprocessing = 0;
		};
		65A9B36E2418F962009E12E7 /* Resources */ = {
			isa = PBXResourcesBuildPhase;
			buildActionMask = 2147483647;
			files = (
			);
			runOnlyForDeploymentPostprocessing = 0;
		};
/* End PBXResourcesBuildPhase section */

/* Begin PBXSourcesBuildPhase section */
		65A9B3562418F960009E12E7 /* Sources */ = {
			isa = PBXSourcesBuildPhase;
			buildActionMask = 2147483647;
			files = (
				65A9B35E2418F960009E12E7 /* AppDelegate.swift in Sources */,
				65A9B3602418F960009E12E7 /* SceneDelegate.swift in Sources */,
				65A9B3622418F960009E12E7 /* ContentView.swift in Sources */,
			);
			runOnlyForDeploymentPostprocessing = 0;
		};
		65A9B36C2418F962009E12E7 /* Sources */ = {
			isa = PBXSourcesBuildPhase;
			buildActionMask = 2147483647;
			files = (
				65A9B3752418F962009E12E7 /* share_wifiTests.swift in Sources */,
			);
			runOnlyForDeploymentPostprocessing = 0;
		};
/* End PBXSourcesBuildPhase section */

/* Begin PBXTargetDependency section */
		65A9B3722418F962009E12E7 /* PBXTargetDependency */ = {
			isa = PBXTargetDependency;
			target = 65A9B3592418F960009E12E7 /* share_wifi */;
			targetProxy = 65A9B3712418F962009E12E7 /* PBXContainerItemProxy */;
		};
/* End PBXTargetDependency section */

/* Begin PBXVariantGroup section */
		65A9B3682418F962009E12E7 /* LaunchScreen.storyboard */ = {
			isa = PBXVariantGroup;
			children = (
				65A9B3692418F962009E12E7 /* Base */,
			);
			name = LaunchScreen.storyboard;
			sourceTree = "<group>";
		};
/* End PBXVariantGroup section */

/* Begin XCBuildConfiguration section */
		65A9B3772418F962009E12E7 /* Debug */ = {
			isa = XCBuildConfiguration;
			buildSettings = {
				ALWAYS_SEARCH_USER_PATHS = NO;
				CLANG_ANALYZER_NONNULL = YES;
				CLANG_ANALYZER_NUMBER_OBJECT_CONVERSION = YES_AGGRESSIVE;
				CLANG_CXX_LANGUAGE_STANDARD = "gnu++14";
				CLANG_CXX_LIBRARY = "libc++";
				CLANG_ENABLE_MODULES = YES;
				CLANG_ENABLE_OBJC_ARC = YES;
				CLANG_ENABLE_OBJC_WEAK = YES;
				CLANG_WARN_BLOCK_CAPTURE_AUTORELEASING = YES;
				CLANG_WARN_BOOL_CONVERSION = YES;
				CLANG_WARN_COMMA = YES;
				CLANG_WARN_CONSTANT_CONVERSION = YES;
				CLANG_WARN_DEPRECATED_OBJC_IMPLEMENTATIONS = YES;
				CLANG_WARN_DIRECT_OBJC_ISA_USAGE = YES_ERROR;
				CLANG_WARN_DOCUMENTATION_COMMENTS = YES;
				CLANG_WARN_EMPTY_BODY = YES;
				CLANG_WARN_ENUM_CONVERSION = YES;
				CLANG_WARN_INFINITE_RECURSION = YES;
				CLANG_WARN_INT_CONVERSION = YES;
				CLANG_WARN_NON_LITERAL_NULL_CONVERSION = YES;
				CLANG_WARN_OBJC_IMPLICIT_RETAIN_SELF = YES;
				CLANG_WARN_OBJC_LITERAL_CONVERSION = YES;
				CLANG_WARN_OBJC_ROOT_CLASS = YES_ERROR;
				CLANG_WARN_RANGE_LOOP_ANALYSIS = YES;
				CLANG_WARN_STRICT_PROTOTYPES = YES;
				CLANG_WARN_SUSPICIOUS_MOVE = YES;
				CLANG_WARN_UNGUARDED_AVAILABILITY = YES_AGGRESSIVE;
				CLANG_WARN_UNREACHABLE_CODE = YES;
				CLANG_WARN__DUPLICATE_METHOD_MATCH = YES;
				COPY_PHASE_STRIP = NO;
				DEBUG_INFORMATION_FORMAT = dwarf;
				ENABLE_STRICT_OBJC_MSGSEND = YES;
				ENABLE_TESTABILITY = YES;
				GCC_C_LANGUAGE_STANDARD = gnu11;
				GCC_DYNAMIC_NO_PIC = NO;
				GCC_NO_COMMON_BLOCKS = YES;
				GCC_OPTIMIZATION_LEVEL = 0;
				GCC_PREPROCESSOR_DEFINITIONS = (
					"DEBUG=1",
					"$(inherited)",
				);
				GCC_WARN_64_TO_32_BIT_CONVERSION = YES;
				GCC_WARN_ABOUT_RETURN_TYPE = YES_ERROR;
				GCC_WARN_UNDECLARED_SELECTOR = YES;
				GCC_WARN_UNINITIALIZED_AUTOS = YES_AGGRESSIVE;
				GCC_WARN_UNUSED_FUNCTION = YES;
				GCC_WARN_UNUSED_VARIABLE = YES;
				IPHONEOS_DEPLOYMENT_TARGET = 13.2;
				MTL_ENABLE_DEBUG_INFO = INCLUDE_SOURCE;
				MTL_FAST_MATH = YES;
				ONLY_ACTIVE_ARCH = YES;
				SDKROOT = iphoneos;
				SWIFT_ACTIVE_COMPILATION_CONDITIONS = DEBUG;
				SWIFT_OPTIMIZATION_LEVEL = "-Onone";
			};
			name = Debug;
		};
		65A9B3782418F962009E12E7 /* Release */ = {
			isa = XCBuildConfiguration;
			buildSettings = {
				ALWAYS_SEARCH_USER_PATHS = NO;
				CLANG_ANALYZER_NONNULL = YES;
				CLANG_ANALYZER_NUMBER_OBJECT_CONVERSION = YES_AGGRESSIVE;
				CLANG_CXX_LANGUAGE_STANDARD = "gnu++14";
				CLANG_CXX_LIBRARY = "libc++";
				CLANG_ENABLE_MODULES = YES;
				CLANG_ENABLE_OBJC_ARC = YES;
				CLANG_ENABLE_OBJC_WEAK = YES;
				CLANG_WARN_BLOCK_CAPTURE_AUTORELEASING = YES;
				CLANG_WARN_BOOL_CONVERSION = YES;
				CLANG_WARN_COMMA = YES;
				CLANG_WARN_CONSTANT_CONVERSION = YES;
				CLANG_WARN_DEPRECATED_OBJC_IMPLEMENTATIONS = YES;
				CLANG_WARN_DIRECT_OBJC_ISA_USAGE = YES_ERROR;
				CLANG_WARN_DOCUMENTATION_COMMENTS = YES;
				CLANG_WARN_EMPTY_BODY = YES;
				CLANG_WARN_ENUM_CONVERSION = YES;
				CLANG_WARN_INFINITE_RECURSION = YES;
				CLANG_WARN_INT_CONVERSION = YES;
				CLANG_WARN_NON_LITERAL_NULL_CONVERSION = YES;
				CLANG_WARN_OBJC_IMPLICIT_RETAIN_SELF = YES;
				CLANG_WARN_OBJC_LITERAL_CONVERSION = YES;
				CLANG_WARN_OBJC_ROOT_CLASS = YES_ERROR;
				CLANG_WARN_RANGE_LOOP_ANALYSIS = YES;
				CLANG_WARN_STRICT_PROTOTYPES = YES;
				CLANG_WARN_SUSPICIOUS_MOVE = YES;
				CLANG_WARN_UNGUARDED_AVAILABILITY = YES_AGGRESSIVE;
				CLANG_WARN_UNREACHABLE_CODE = YES;
				CLANG_WARN__DUPLICATE_METHOD_MATCH = YES;
				COPY_PHASE_STRIP = NO;
				DEBUG_INFORMATION_FORMAT = "dwarf-with-dsym";
				ENABLE_NS_ASSERTIONS = NO;
				ENABLE_STRICT_OBJC_MSGSEND = YES;
				GCC_C_LANGUAGE_STANDARD = gnu11;
				GCC_NO_COMMON_BLOCKS = YES;
				GCC_WARN_64_TO_32_BIT_CONVERSION = YES;
				GCC_WARN_ABOUT_RETURN_TYPE = YES_ERROR;
				GCC_WARN_UNDECLARED_SELECTOR = YES;
				GCC_WARN_UNINITIALIZED_AUTOS = YES_AGGRESSIVE;
				GCC_WARN_UNUSED_FUNCTION = YES;
				GCC_WARN_UNUSED_VARIABLE = YES;
				IPHONEOS_DEPLOYMENT_TARGET = 13.2;
				MTL_ENABLE_DEBUG_INFO = NO;
				MTL_FAST_MATH = YES;
				SDKROOT = iphoneos;
				SWIFT_COMPILATION_MODE = wholemodule;
				SWIFT_OPTIMIZATION_LEVEL = "-O";
				VALIDATE_PRODUCT = YES;
			};
			name = Release;
		};
		65A9B37A2418F962009E12E7 /* Debug */ = {
			isa = XCBuildConfiguration;
			buildSettings = {
				ASSETCATALOG_COMPILER_APPICON_NAME = AppIcon;
				CODE_SIGN_STYLE = Automatic;
				DEVELOPMENT_ASSET_PATHS = "\"share_wifi/Preview Content\"";
				DEVELOPMENT_TEAM = Y2J8L458MW;
				ENABLE_PREVIEWS = YES;
				INFOPLIST_FILE = share_wifi/Info.plist;
				LD_RUNPATH_SEARCH_PATHS = (
					"$(inherited)",
					"@executable_path/Frameworks",
				);
				PRODUCT_BUNDLE_IDENTIFIER = "com.AxelsTracker.share-wifi";
				PRODUCT_NAME = "$(TARGET_NAME)";
				SWIFT_VERSION = 5.0;
				TARGETED_DEVICE_FAMILY = "1,2";
			};
			name = Debug;
		};
		65A9B37B2418F962009E12E7 /* Release */ = {
			isa = XCBuildConfiguration;
			buildSettings = {
				ASSETCATALOG_COMPILER_APPICON_NAME = AppIcon;
				CODE_SIGN_STYLE = Automatic;
				DEVELOPMENT_ASSET_PATHS = "\"share_wifi/Preview Content\"";
				DEVELOPMENT_TEAM = Y2J8L458MW;
				ENABLE_PREVIEWS = YES;
				INFOPLIST_FILE = share_wifi/Info.plist;
				LD_RUNPATH_SEARCH_PATHS = (
					"$(inherited)",
					"@executable_path/Frameworks",
				);
				PRODUCT_BUNDLE_IDENTIFIER = "com.AxelsTracker.share-wifi";
				PRODUCT_NAME = "$(TARGET_NAME)";
				SWIFT_VERSION = 5.0;
				TARGETED_DEVICE_FAMILY = "1,2";
			};
			name = Release;
		};
		65A9B37D2418F962009E12E7 /* Debug */ = {
			isa = XCBuildConfiguration;
			buildSettings = {
				ALWAYS_EMBED_SWIFT_STANDARD_LIBRARIES = YES;
				BUNDLE_LOADER = "$(TEST_HOST)";
				CODE_SIGN_STYLE = Automatic;
				DEVELOPMENT_TEAM = Y2J8L458MW;
				INFOPLIST_FILE = share_wifiTests/Info.plist;
				IPHONEOS_DEPLOYMENT_TARGET = 13.2;
				LD_RUNPATH_SEARCH_PATHS = (
					"$(inherited)",
					"@executable_path/Frameworks",
					"@loader_path/Frameworks",
				);
				PRODUCT_BUNDLE_IDENTIFIER = "com.AxelsTracker.share-wifiTests";
				PRODUCT_NAME = "$(TARGET_NAME)";
				SWIFT_VERSION = 5.0;
				TARGETED_DEVICE_FAMILY = "1,2";
				TEST_HOST = "$(BUILT_PRODUCTS_DIR)/share_wifi.app/share_wifi";
			};
			name = Debug;
		};
		65A9B37E2418F962009E12E7 /* Release */ = {
			isa = XCBuildConfiguration;
			buildSettings = {
				ALWAYS_EMBED_SWIFT_STANDARD_LIBRARIES = YES;
				BUNDLE_LOADER = "$(TEST_HOST)";
				CODE_SIGN_STYLE = Automatic;
				DEVELOPMENT_TEAM = Y2J8L458MW;
				INFOPLIST_FILE = share_wifiTests/Info.plist;
				IPHONEOS_DEPLOYMENT_TARGET = 13.2;
				LD_RUNPATH_SEARCH_PATHS = (
					"$(inherited)",
					"@executable_path/Frameworks",
					"@loader_path/Frameworks",
				);
				PRODUCT_BUNDLE_IDENTIFIER = "com.AxelsTracker.share-wifiTests";
				PRODUCT_NAME = "$(TARGET_NAME)";
				SWIFT_VERSION = 5.0;
				TARGETED_DEVICE_FAMILY = "1,2";
				TEST_HOST = "$(BUILT_PRODUCTS_DIR)/share_wifi.app/share_wifi";
			};
			name = Release;
		};
/* End XCBuildConfiguration section */

/* Begin XCConfigurationList section */
		65A9B3552418F960009E12E7 /* Build configuration list for PBXProject "share_wifi" */ = {
			isa = XCConfigurationList;
			buildConfigurations = (
				65A9B3772418F962009E12E7 /* Debug */,
				65A9B3782418F962009E12E7 /* Release */,
			);
			defaultConfigurationIsVisible = 0;
			defaultConfigurationName = Release;
		};
		65A9B3792418F962009E12E7 /* Build configuration list for PBXNativeTarget "share_wifi" */ = {
			isa = XCConfigurationList;
			buildConfigurations = (
				65A9B37A2418F962009E12E7 /* Debug */,
				65A9B37B2418F962009E12E7 /* Release */,
			);
			defaultConfigurationIsVisible = 0;
			defaultConfigurationName = Release;
		};
		65A9B37C2418F962009E12E7 /* Build configuration list for PBXNativeTarget "share_wifiTests" */ = {
			isa = XCConfigurationList;
			buildConfigurations = (
				65A9B37D2418F962009E12E7 /* Debug */,
				65A9B37E2418F962009E12E7 /* Release */,
			);
			defaultConfigurationIsVisible = 0;
			defaultConfigurationName = Release;
		};
/* End XCConfigurationList section */
	};
	rootObject = 65A9B3522418F960009E12E7 /* Project object */;
}
